# This file is autogenerated, do not edit; changes may be undone by the next 'dep ensure'.


[[projects]]
  branch = "master"
  digest = "1:ef5b0622d834c139454148b8fd0c92bb314828900532b267ae62da9fec109866"
  name = "github.com/armon/go-metrics"
  packages = ["."]
  pruneopts = "UT"
  revision = "3c58d8115a78a6879e5df75ae900846768d36895"

[[projects]]
  branch = "master"
  digest = "1:2394f5a25132b3868eff44599cc28d44bdd0330806e34c495d754dd052df612b"
  name = "github.com/hashicorp/go-immutable-radix"
  packages = ["."]
  pruneopts = "UT"
  revision = "7f3cd4390caab3250a57f30efdb2a65dd7649ecf"

[[projects]]
  branch = "master"
  digest = "1:b8ba23b0b493e601d5ebaf21079bd3433eb304a5d73c0fb40b8aea526e94f46b"
  name = "github.com/hashicorp/go-msgpack"
  packages = ["codec"]
  pruneopts = "UT"
  revision = "fa3f63826f7c23912c15263591e65d54d080b458"

[[projects]]
  branch = "master"
  digest = "1:e0e3eb7886110c57a7c103fbc5fc419b1651d3014655b47b71f26809c2daeb1c"
  name = "github.com/hashicorp/golang-lru"
  packages = ["simplelru"]
  pruneopts = "UT"
  revision = "0fb14efe8c47ae851c0034ed7a448854d3d34cf3"

[[projects]]
  digest = "1:171b389840b225bcaced8e1920680334630867e6a67283515aa4140d67578118"
  name = "github.com/hashicorp/raft"
  packages = [
    ".",
    "bench",
  ]
  pruneopts = "UT"
  revision = "6d14f0c70869faabd9e60ba7ed88a6cbbd6a661f"
  version = "v1.0.0"

[[projects]]
  branch = "master"
  digest = "1:39b27d1381a30421f9813967a5866fba35dc1d4df43a6eefe3b7a5444cb07214"
  name = "github.com/jmhodges/levigo"
  packages = ["."]
  pruneopts = "UT"
  revision = "c42d9e0ca023e2198120196f842701bb4c55d7b9"

[solve-meta]
  analyzer-name = "dep"
  analyzer-version = 1
  input-imports = [
    "github.com/hashicorp/raft",
    "github.com/hashicorp/raft/bench",
    "github.com/jmhodges/levigo",
  ]
  solver-name = "gps-cdcl"
  solver-version = 1
